
Microsoft Visual Studio Solution File, Format Version 12.00
# Visual Studio 15
VisualStudioVersion = 15.0.26730.15
MinimumVisualStudioVersion = 10.0.40219.1
Project("{FAE04EC0-301F-11D3-BF4B-00C04F79EFBC}") = "VP-Albi_Zrt_DESKTOP", "VP-Albi_Zrt_DESKTOP\VP-Albi_Zrt_DESKTOP.csproj", "{B25AA28A-A6CC-48AE-B64F-FA039DF4412B}"
EndProject
Global
	GlobalSection(SolutionConfigurationPlatforms) = preSolution
		Debug|Any CPU = Debug|Any CPU
		Release|Any CPU = Release|Any CPU
	EndGlobalSection
	GlobalSection(ProjectConfigurationPlatforms) = postSolution
		{B25AA28A-A6CC-48AE-B64F-FA039DF4412B}.Debug|Any CPU.ActiveCfg = Debug|Any CPU
		{B25AA28A-A6CC-48AE-B64F-FA039DF4412B}.Debug|Any CPU.Build.0 = Debug|Any CPU
		{B25AA28A-A6CC-48AE-B64F-FA039DF4412B}.Release|Any CPU.ActiveCfg = Release|Any CPU
		{B25AA28A-A6CC-48AE-B64F-FA039DF4412B}.Release|Any CPU.Build.0 = Release|Any CPU
	EndGlobalSection
	GlobalSection(SolutionProperties) = preSolution
		HideSolutionNode = FALSE
	EndGlobalSection
	GlobalSection(ExtensibilityGlobals) = postSolution
		SolutionGuid = {677B61B2-5C4C-4511-BC45-7AC9B880DC61}
	EndGlobalSection
EndGlobal
